<Solution>
  <Folder Name="/ai-prompts/">
    <File Path="ai-prompts/api.md" />
    <File Path="ai-prompts/dr_admin_test.md" />
    <File Path="ai-prompts/dr_admin_test_fix.md" />
    <File Path="ai-prompts/main_instructions.md" />
    <File Path="ai-prompts/reseller-panel.md" />
  </Folder>
  <Folder Name="/Documentation/">
    <File Path="Documentation/SalesWorkflow.md" />
  </Folder>
  <Folder Name="/Documentation/FlowDiagrams/">
    <File Path="Documentation/FlowDiagrams/DRAdminUserClient-QuoteToPayment-Flow.md" />
    <File Path="Documentation/FlowDiagrams/ResellerAdminClient-QuoteToPayment-Flow.md" />
  </Folder>
  <Folder Name="/PluginProviders/" />
  <Folder Name="/PluginProviders/EmailSenderProviders/">
    <Project Path="EmailSenderProviders/EmailSenderProvider.AmazonSes/EmailSenderProvider.AmazonSes.csproj" />
    <Project Path="EmailSenderProviders/EmailSenderProvider.Exchange/EmailSenderProvider.Exchange.csproj" />
    <Project Path="EmailSenderProviders/EmailSenderProvider.GraphApi/EmailSenderProvider.GraphApi.csproj" />
    <Project Path="EmailSenderProviders/EmailSenderProvider.Mailgun/EmailSenderProvider.Mailgun.csproj" />
    <Project Path="EmailSenderProviders/EmailSenderProvider.MailKit/EmailSenderProvider.MailKit.csproj" />
    <Project Path="EmailSenderProviders/EmailSenderProvider.Postmark/EmailSenderProvider.Postmark.csproj" />
    <Project Path="EmailSenderProviders/EmailSenderProvider.SendGrid/EmailSenderProvider.SendGrid.csproj" />
    <Project Path="EmailSenderProviders/EmailSenderProvider.Smtp/EmailSenderProvider.Smtp.csproj" />
  </Folder>
  <Project Path="DomainRegistrationLib/DomainRegistrationLib.csproj" />
  <Project Path="DR_Admin.IntegrationTests/DR_Admin.IntegrationTests.csproj" />
  <Project Path="DR_Admin/DR_Admin.csproj" />
  <Project Path="DR_Admin_FrontEnd_Demo/DR_Admin_FrontEnd_Demo.csproj" Id="3a0860b6-cb58-4b4f-ae77-83d352177449" />
  <Project Path="DR_Admin_ResellerPanel/DR_Admin_ResellerPanel.csproj" Id="56dcd999-e302-421f-8814-1c65d9fefd80" />
  <Project Path="DR_Admin_UserPanel/DR_Admin_UserPanel.csproj" Id="e36486b0-ce16-4d6c-a481-c51c0b2e09b8" />
  <Project Path="DR_Admin_Web/DR_Admin_Web.csproj" />
  <Project Path="DR_Amin_Mobile/DR_Amin_Mobile.csproj" Id="0bd52d87-44f8-42f9-9a91-333f88e08b06">
    <Deploy Solution="Debug|*" />
  </Project>
  <Project Path="EmailSenderLib/EmailSenderLib.csproj" Id="70cada2c-63e7-4433-b4d9-3003b17354f3" />
  <Project Path="ExchangeRateLib/ExchangeRateLib.csproj" Id="af2e6ab9-5586-4008-9371-f7446947a59b" />
  <Project Path="HostingPanelLib/HostingPanelLib.csproj" Id="5062074a-d52e-48c5-9b37-ae0509b39aad" />
  <Project Path="MessagingTemplateLib/MessagingTemplateLib.csproj" />
  <Project Path="PaymentGatewayLib/PaymentGatewayLib.csproj" Id="643cbbc6-669f-43e2-8679-1fa9bd020d40" />
  <Project Path="PluginLib/PluginLib.csproj" />
  <Project Path="ReportGeneratorLib/ReportGeneratorLib.csproj" Id="9a7fe4b1-1a5a-4485-9a39-744f14cbf5b3" />
  <Project Path="SMSSenderLib/SMSSenderLib.csproj" />
  <Project Path="Tool_PostalCodeNormalizer/Tool_PostalCodeNormalizer.csproj" Id="cdc1d636-ed90-48b1-921b-46624a890137" />
</Solution>
