<Solution>
  <Project Path="DomainRegistrationLib/DomainRegistrationLib.csproj" />
  <Project Path="DR_Admin.IntegrationTests/DR_Admin.IntegrationTests.csproj" />
  <Project Path="DR_Admin/DR_Admin.csproj" />
  <Project Path="DR_Admin_Web/DR_Admin_Web.csproj" />
  <Project Path="EmailSenderLib/EmailSenderLib.csproj" Id="70cada2c-63e7-4433-b4d9-3003b17354f3" />
  <Project Path="ExchangeRateLib/ExchangeRateLib.csproj" Id="af2e6ab9-5586-4008-9371-f7446947a59b" />
  <Project Path="HostingPanelLib/HostingPanelLib.csproj" Id="5062074a-d52e-48c5-9b37-ae0509b39aad" />
  <Project Path="PaymentGatewayLib/PaymentGatewayLib.csproj" Id="643cbbc6-669f-43e2-8679-1fa9bd020d40" />
  <Project Path="ReportGeneratorLib/ReportGeneratorLib.csproj" Id="9a7fe4b1-1a5a-4485-9a39-744f14cbf5b3" />
  <Project Path="SMSSenderLib/SMSSenderLib.csproj" />
</Solution>
